
Microsoft Visual Studio Solution File, Format Version 12.00
Project("{FAE04EC0-301F-11D3-BF4B-00C04F79EFBC}") = "FanficSite", "FanficSite.csproj", "{40B630E8-5FE2-47F0-BDC9-A05A1142C35C}"
EndProject
Global
	GlobalSection(SolutionConfigurationPlatforms) = preSolution
		Debug|Any CPU = Debug|Any CPU
		Release|Any CPU = Release|Any CPU
	EndGlobalSection
	GlobalSection(ProjectConfigurationPlatforms) = postSolution
		{40B630E8-5FE2-47F0-BDC9-A05A1142C35C}.Debug|Any CPU.ActiveCfg = Debug|Any CPU
		{40B630E8-5FE2-47F0-BDC9-A05A1142C35C}.Debug|Any CPU.Build.0 = Debug|Any CPU
		{40B630E8-5FE2-47F0-BDC9-A05A1142C35C}.Release|Any CPU.ActiveCfg = Release|Any CPU
		{40B630E8-5FE2-47F0-BDC9-A05A1142C35C}.Release|Any CPU.Build.0 = Release|Any CPU
	EndGlobalSection
EndGlobal
